// !$*UTF8*$!
{
	archiveVersion = 1;
	classes = {
	};
	objectVersion = 46;
	objects = {

/* Begin PBXBuildFile section */
		9A838B661C7EDB4100F6B953 /* main.cpp in Sources */ = {isa = PBXBuildFile; fileRef = 9A838B651C7EDB4100F6B953 /* main.cpp */; };
/* End PBXBuildFile section */

/* Begin PBXContainerItemProxy section */
		9A838B831C7EE61400F6B953 /* PBXContainerItemProxy */ = {
			isa = PBXContainerItemProxy;
			containerPortal = 9A838B7F1C7EE61300F6B953 /* Exceptions2.xcodeproj */;
			proxyType = 2;
			remoteGlobalIDString = 9A838B751C7EE61300F6B953;
			remoteInfo = Exceptions2;
		};
/* End PBXContainerItemProxy section */

/* Begin PBXCopyFilesBuildPhase section */
		9A838B601C7EDB4100F6B953 /* CopyFiles */ = {
			isa = PBXCopyFilesBuildPhase;
			buildActionMask = 2147483647;
			dstPath = /usr/share/man/man1/;
			dstSubfolderSpec = 0;
			files = (
			);
			runOnlyForDeploymentPostprocessing = 1;
		};
/* End PBXCopyFilesBuildPhase section */

/* Begin PBXFileReference section */
		9A838B621C7EDB4100F6B953 /* CPP11 */ = {isa = PBXFileReference; explicitFileType = "compiled.mach-o.executable"; includeInIndex = 0; path = CPP11; sourceTree = BUILT_PRODUCTS_DIR; };
		9A838B651C7EDB4100F6B953 /* main.cpp */ = {isa = PBXFileReference; lastKnownFileType = sourcecode.cpp.cpp; path = main.cpp; sourceTree = "<group>"; };
		9A838B7F1C7EE61300F6B953 /* Exceptions2.xcodeproj */ = {isa = PBXFileReference; lastKnownFileType = "wrapper.pb-project"; name = Exceptions2.xcodeproj; path = Exceptions2/Exceptions2.xcodeproj; sourceTree = "<group>"; };
/* End PBXFileReference section */

/* Begin PBXFrameworksBuildPhase section */
		9A838B5F1C7EDB4100F6B953 /* Frameworks */ = {
			isa = PBXFrameworksBuildPhase;
			buildActionMask = 2147483647;
			files = (
			);
			runOnlyForDeploymentPostprocessing = 0;
		};
/* End PBXFrameworksBuildPhase section */

/* Begin PBXGroup section */
		9A838B591C7EDB4100F6B953 = {
			isa = PBXGroup;
			children = (
				9A838B641C7EDB4100F6B953 /* CPP11 */,
				9A838B631C7EDB4100F6B953 /* Products */,
				9A838B7F1C7EE61300F6B953 /* Exceptions2.xcodeproj */,
			);
			sourceTree = "<group>";
		};
		9A838B631C7EDB4100F6B953 /* Products */ = {
			isa = PBXGroup;
			children = (
				9A838B621C7EDB4100F6B953 /* CPP11 */,
			);
			name = Products;
			sourceTree = "<group>";
		};
		9A838B641C7EDB4100F6B953 /* CPP11 */ = {
			isa = PBXGroup;
			children = (
				9A838B651C7EDB4100F6B953 /* main.cpp */,
			);
			path = CPP11;
			sourceTree = "<group>";
		};
		9A838B801C7EE61300F6B953 /* Products */ = {
			isa = PBXGroup;
			children = (
				9A838B841C7EE61400F6B953 /* Exceptions2 */,
			);
			name = Products;
			sourceTree = "<group>";
		};
/* End PBXGroup section */

/* Begin PBXNativeTarget section */
		9A838B611C7EDB4100F6B953 /* CPP11 */ = {
			isa = PBXNativeTarget;
			buildConfigurationList = 9A838B691C7EDB4100F6B953 /* Build configuration list for PBXNativeTarget "CPP11" */;
			buildPhases = (
				9A838B5E1C7EDB4100F6B953 /* Sources */,
				9A838B5F1C7EDB4100F6B953 /* Frameworks */,
				9A838B601C7EDB4100F6B953 /* CopyFiles */,
			);
			buildRules = (
			);
			dependencies = (
			);
			name = CPP11;
			productName = CPP11;
			productReference = 9A838B621C7EDB4100F6B953 /* CPP11 */;
			productType = "com.apple.product-type.tool";
		};
/* End PBXNativeTarget section */

/* Begin PBXProject section */
		9A838B5A1C7EDB4100F6B953 /* Project object */ = {
			isa = PBXProject;
			attributes = {
				LastUpgradeCheck = 0610;
				ORGANIZATIONNAME = AG;
				TargetAttributes = {
					9A838B611C7EDB4100F6B953 = {
						CreatedOnToolsVersion = 6.1.1;
					};
				};
			};
			buildConfigurationList = 9A838B5D1C7EDB4100F6B953 /* Build configuration list for PBXProject "CPP11" */;
			compatibilityVersion = "Xcode 3.2";
			developmentRegion = English;
			hasScannedForEncodings = 0;
			knownRegions = (
				en,
			);
			mainGroup = 9A838B591C7EDB4100F6B953;
			productRefGroup = 9A838B631C7EDB4100F6B953 /* Products */;
			projectDirPath = "";
			projectReferences = (
				{
					ProductGroup = 9A838B801C7EE61300F6B953 /* Products */;
					ProjectRef = 9A838B7F1C7EE61300F6B953 /* Exceptions2.xcodeproj */;
				},
			);
			projectRoot = "";
			targets = (
				9A838B611C7EDB4100F6B953 /* CPP11 */,
			);
		};
/* End PBXProject section */

/* Begin PBXReferenceProxy section */
		9A838B841C7EE61400F6B953 /* Exceptions2 */ = {
			isa = PBXReferenceProxy;
			fileType = "compiled.mach-o.executable";
			path = Exceptions2;
			remoteRef = 9A838B831C7EE61400F6B953 /* PBXContainerItemProxy */;
			sourceTree = BUILT_PRODUCTS_DIR;
		};
/* End PBXReferenceProxy section */

/* Begin PBXSourcesBuildPhase section */
		9A838B5E1C7EDB4100F6B953 /* Sources */ = {
			isa = PBXSourcesBuildPhase;
			buildActionMask = 2147483647;
			files = (
				9A838B661C7EDB4100F6B953 /* main.cpp in Sources */,
			);
			runOnlyForDeploymentPostprocessing = 0;
		};
/* End PBXSourcesBuildPhase section */

/* Begin XCBuildConfiguration section */
		9A838B671C7EDB4100F6B953 /* Debug */ = {
			isa = XCBuildConfiguration;
			buildSettings = {
				ALWAYS_SEARCH_USER_PATHS = NO;
				CLANG_CXX_LANGUAGE_STANDARD = "c++0x";
				CLANG_CXX_LIBRARY = "libc++";
				CLANG_ENABLE_MODULES = YES;
				CLANG_ENABLE_OBJC_ARC = YES;
				CLANG_WARN_BOOL_CONVERSION = YES;
				CLANG_WARN_CONSTANT_CONVERSION = YES;
				CLANG_WARN_DIRECT_OBJC_ISA_USAGE = YES_ERROR;
				CLANG_WARN_EMPTY_BODY = YES;
				CLANG_WARN_ENUM_CONVERSION = YES;
				CLANG_WARN_INT_CONVERSION = YES;
				CLANG_WARN_OBJC_ROOT_CLASS = YES_ERROR;
				CLANG_WARN_UNREACHABLE_CODE = YES;
				CLANG_WARN__DUPLICATE_METHOD_MATCH = YES;
				COPY_PHASE_STRIP = NO;
				ENABLE_STRICT_OBJC_MSGSEND = YES;
				GCC_C_LANGUAGE_STANDARD = gnu99;
				GCC_DYNAMIC_NO_PIC = NO;
				GCC_OPTIMIZATION_LEVEL = 0;
				GCC_PREPROCESSOR_DEFINITIONS = (
					"DEBUG=1",
					"$(inherited)",
				);
				GCC_SYMBOLS_PRIVATE_EXTERN = NO;
				GCC_WARN_64_TO_32_BIT_CONVERSION = YES;
				GCC_WARN_ABOUT_RETURN_TYPE = YES_ERROR;
				GCC_WARN_UNDECLARED_SELECTOR = YES;
				GCC_WARN_UNINITIALIZED_AUTOS = YES_AGGRESSIVE;
				GCC_WARN_UNUSED_FUNCTION = YES;
				GCC_WARN_UNUSED_VARIABLE = YES;
				MACOSX_DEPLOYMENT_TARGET = 10.9;
				MTL_ENABLE_DEBUG_INFO = YES;
				ONLY_ACTIVE_ARCH = YES;
				SDKROOT = macosx;
			};
			name = Debug;
		};
		9A838B681C7EDB4100F6B953 /* Release */ = {
			isa = XCBuildConfiguration;
			buildSettings = {
				ALWAYS_SEARCH_USER_PATHS = NO;
				CLANG_CXX_LANGUAGE_STANDARD = "c++0x";
				CLANG_CXX_LIBRARY = "libc++";
				CLANG_ENABLE_MODULES = YES;
				CLANG_ENABLE_OBJC_ARC = YES;
				CLANG_WARN_BOOL_CONVERSION = YES;
				CLANG_WARN_CONSTANT_CONVERSION = YES;
				CLANG_WARN_DIRECT_OBJC_ISA_USAGE = YES_ERROR;
				CLANG_WARN_EMPTY_BODY = YES;
				CLANG_WARN_ENUM_CONVERSION = YES;
				CLANG_WARN_INT_CONVERSION = YES;
				CLANG_WARN_OBJC_ROOT_CLASS = YES_ERROR;
				CLANG_WARN_UNREACHABLE_CODE = YES;
				CLANG_WARN__DUPLICATE_METHOD_MATCH = YES;
				COPY_PHASE_STRIP = YES;
				DEBUG_INFORMATION_FORMAT = "dwarf-with-dsym";
				ENABLE_NS_ASSERTIONS = NO;
				ENABLE_STRICT_OBJC_MSGSEND = YES;
				GCC_C_LANGUAGE_STANDARD = gnu99;
				GCC_WARN_64_TO_32_BIT_CONVERSION = YES;
				GCC_WARN_ABOUT_RETURN_TYPE = YES_ERROR;
				GCC_WARN_UNDECLARED_SELECTOR = YES;
				GCC_WARN_UNINITIALIZED_AUTOS = YES_AGGRESSIVE;
				GCC_WARN_UNUSED_FUNCTION = YES;
				GCC_WARN_UNUSED_VARIABLE = YES;
				MACOSX_DEPLOYMENT_TARGET = 10.9;
				MTL_ENABLE_DEBUG_INFO = NO;
				SDKROOT = macosx;
			};
			name = Release;
		};
		9A838B6A1C7EDB4100F6B953 /* Debug */ = {
			isa = XCBuildConfiguration;
			buildSettings = {
				PRODUCT_NAME = "$(TARGET_NAME)";
			};
			name = Debug;
		};
		9A838B6B1C7EDB4100F6B953 /* Release */ = {
			isa = XCBuildConfiguration;
			buildSettings = {
				PRODUCT_NAME = "$(TARGET_NAME)";
			};
			name = Release;
		};
/* End XCBuildConfiguration section */

/* Begin XCConfigurationList section */
		9A838B5D1C7EDB4100F6B953 /* Build configuration list for PBXProject "CPP11" */ = {
			isa = XCConfigurationList;
			buildConfigurations = (
				9A838B671C7EDB4100F6B953 /* Debug */,
				9A838B681C7EDB4100F6B953 /* Release */,
			);
			defaultConfigurationIsVisible = 0;
			defaultConfigurationName = Release;
		};
		9A838B691C7EDB4100F6B953 /* Build configuration list for PBXNativeTarget "CPP11" */ = {
			isa = XCConfigurationList;
			buildConfigurations = (
				9A838B6A1C7EDB4100F6B953 /* Debug */,
				9A838B6B1C7EDB4100F6B953 /* Release */,
			);
			defaultConfigurationIsVisible = 0;
		};
/* End XCConfigurationList section */
	};
	rootObject = 9A838B5A1C7EDB4100F6B953 /* Project object */;
}
